
Microsoft Visual Studio Solution File, Format Version 12.00
# Visual Studio 15
VisualStudioVersion = 15.0.28307.421
MinimumVisualStudioVersion = 10.0.40219.1
Project("{FAE04EC0-301F-11D3-BF4B-00C04F79EFBC}") = "WebApplication1", "WebApplication1\WebApplication1.csproj", "{2EB881DF-EE03-4AC1-A2E9-51F05442D1FA}"
EndProject
Global
	GlobalSection(SolutionConfigurationPlatforms) = preSolution
		Debug|Any CPU = Debug|Any CPU
		Release|Any CPU = Release|Any CPU
	EndGlobalSection
	GlobalSection(ProjectConfigurationPlatforms) = postSolution
		{2EB881DF-EE03-4AC1-A2E9-51F05442D1FA}.Debug|Any CPU.ActiveCfg = Debug|Any CPU
		{2EB881DF-EE03-4AC1-A2E9-51F05442D1FA}.Debug|Any CPU.Build.0 = Debug|Any CPU
		{2EB881DF-EE03-4AC1-A2E9-51F05442D1FA}.Release|Any CPU.ActiveCfg = Release|Any CPU
		{2EB881DF-EE03-4AC1-A2E9-51F05442D1FA}.Release|Any CPU.Build.0 = Release|Any CPU
	EndGlobalSection
	GlobalSection(SolutionProperties) = preSolution
		HideSolutionNode = FALSE
	EndGlobalSection
	GlobalSection(ExtensibilityGlobals) = postSolution
		SolutionGuid = {1C8A5299-F1DB-407D-836E-FDEFCF72A665}
	EndGlobalSection
EndGlobal
